
Microsoft Visual Studio Solution File, Format Version 12.00
# Visual Studio Version 16
VisualStudioVersion = 16.0.29728.190
MinimumVisualStudioVersion = 10.0.40219.1
Project("{FAE04EC0-301F-11D3-BF4B-00C04F79EFBC}") = "sharp", "sharp.csproj", "{532B79CE-D670-4A6C-93F5-82C98A2E52FB}"
EndProject
Global
	GlobalSection(SolutionConfigurationPlatforms) = preSolution
		Debug|Any CPU = Debug|Any CPU
		Release|Any CPU = Release|Any CPU
	EndGlobalSection
	GlobalSection(ProjectConfigurationPlatforms) = postSolution
		{532B79CE-D670-4A6C-93F5-82C98A2E52FB}.Debug|Any CPU.ActiveCfg = Debug|Any CPU
		{532B79CE-D670-4A6C-93F5-82C98A2E52FB}.Debug|Any CPU.Build.0 = Debug|Any CPU
		{532B79CE-D670-4A6C-93F5-82C98A2E52FB}.Release|Any CPU.ActiveCfg = Release|Any CPU
		{532B79CE-D670-4A6C-93F5-82C98A2E52FB}.Release|Any CPU.Build.0 = Release|Any CPU
	EndGlobalSection
	GlobalSection(SolutionProperties) = preSolution
		HideSolutionNode = FALSE
	EndGlobalSection
	GlobalSection(ExtensibilityGlobals) = postSolution
		SolutionGuid = {1C47B41A-04EA-4890-916A-EEDA222D10EE}
	EndGlobalSection
EndGlobal
