
Microsoft Visual Studio Solution File, Format Version 12.00
# Visual Studio 15
VisualStudioVersion = 15.0.28307.779
MinimumVisualStudioVersion = 10.0.40219.1
Project("{8BC9CEB8-8B4A-11D0-8D11-00A0C91BC942}") = "vector_stack", "vector_stack\vector_stack.vcxproj", "{610F5289-9922-441E-82A9-A31027C47BAE}"
EndProject
Global
	GlobalSection(SolutionConfigurationPlatforms) = preSolution
		Debug|x64 = Debug|x64
		Debug|x86 = Debug|x86
		Release|x64 = Release|x64
		Release|x86 = Release|x86
	EndGlobalSection
	GlobalSection(ProjectConfigurationPlatforms) = postSolution
		{610F5289-9922-441E-82A9-A31027C47BAE}.Debug|x64.ActiveCfg = Debug|x64
		{610F5289-9922-441E-82A9-A31027C47BAE}.Debug|x64.Build.0 = Debug|x64
		{610F5289-9922-441E-82A9-A31027C47BAE}.Debug|x86.ActiveCfg = Debug|Win32
		{610F5289-9922-441E-82A9-A31027C47BAE}.Debug|x86.Build.0 = Debug|Win32
		{610F5289-9922-441E-82A9-A31027C47BAE}.Release|x64.ActiveCfg = Release|x64
		{610F5289-9922-441E-82A9-A31027C47BAE}.Release|x64.Build.0 = Release|x64
		{610F5289-9922-441E-82A9-A31027C47BAE}.Release|x86.ActiveCfg = Release|Win32
		{610F5289-9922-441E-82A9-A31027C47BAE}.Release|x86.Build.0 = Release|Win32
	EndGlobalSection
	GlobalSection(SolutionProperties) = preSolution
		HideSolutionNode = FALSE
	EndGlobalSection
	GlobalSection(ExtensibilityGlobals) = postSolution
		SolutionGuid = {31A98315-7F29-42B1-9698-67E602BF8FA5}
	EndGlobalSection
EndGlobal
