
Microsoft Visual Studio Solution File, Format Version 12.00
# Visual Studio Version 16
VisualStudioVersion = 16.0.31424.327
MinimumVisualStudioVersion = 10.0.40219.1
Project("{8BC9CEB8-8B4A-11D0-8D11-00A0C91BC942}") = "2", "2.vcxproj", "{F79DFC6B-855D-4BED-B784-8ED1F66165D7}"
EndProject
Project("{8BC9CEB8-8B4A-11D0-8D11-00A0C91BC942}") = "test", "test\test.vcxproj", "{A3D77237-11EF-4D0B-AF51-4A6E27B30321}"
EndProject
Global
	GlobalSection(SolutionConfigurationPlatforms) = preSolution
		Debug|x64 = Debug|x64
		Debug|x86 = Debug|x86
		Release|x64 = Release|x64
		Release|x86 = Release|x86
	EndGlobalSection
	GlobalSection(ProjectConfigurationPlatforms) = postSolution
		{F79DFC6B-855D-4BED-B784-8ED1F66165D7}.Debug|x64.ActiveCfg = Debug|x64
		{F79DFC6B-855D-4BED-B784-8ED1F66165D7}.Debug|x64.Build.0 = Debug|x64
		{F79DFC6B-855D-4BED-B784-8ED1F66165D7}.Debug|x86.ActiveCfg = Debug|Win32
		{F79DFC6B-855D-4BED-B784-8ED1F66165D7}.Debug|x86.Build.0 = Debug|Win32
		{F79DFC6B-855D-4BED-B784-8ED1F66165D7}.Release|x64.ActiveCfg = Release|x64
		{F79DFC6B-855D-4BED-B784-8ED1F66165D7}.Release|x64.Build.0 = Release|x64
		{F79DFC6B-855D-4BED-B784-8ED1F66165D7}.Release|x86.ActiveCfg = Release|Win32
		{F79DFC6B-855D-4BED-B784-8ED1F66165D7}.Release|x86.Build.0 = Release|Win32
		{A3D77237-11EF-4D0B-AF51-4A6E27B30321}.Debug|x64.ActiveCfg = Debug|x64
		{A3D77237-11EF-4D0B-AF51-4A6E27B30321}.Debug|x64.Build.0 = Debug|x64
		{A3D77237-11EF-4D0B-AF51-4A6E27B30321}.Debug|x86.ActiveCfg = Debug|Win32
		{A3D77237-11EF-4D0B-AF51-4A6E27B30321}.Debug|x86.Build.0 = Debug|Win32
		{A3D77237-11EF-4D0B-AF51-4A6E27B30321}.Release|x64.ActiveCfg = Release|x64
		{A3D77237-11EF-4D0B-AF51-4A6E27B30321}.Release|x64.Build.0 = Release|x64
		{A3D77237-11EF-4D0B-AF51-4A6E27B30321}.Release|x86.ActiveCfg = Release|Win32
		{A3D77237-11EF-4D0B-AF51-4A6E27B30321}.Release|x86.Build.0 = Release|Win32
	EndGlobalSection
	GlobalSection(SolutionProperties) = preSolution
		HideSolutionNode = FALSE
	EndGlobalSection
	GlobalSection(ExtensibilityGlobals) = postSolution
		SolutionGuid = {DFEA6720-BD89-4C24-BBB9-34440EF1E434}
	EndGlobalSection
EndGlobal
