
Microsoft Visual Studio Solution File, Format Version 12.00
# Visual Studio 15
VisualStudioVersion = 15.0.28307.779
MinimumVisualStudioVersion = 10.0.40219.1
Project("{8BC9CEB8-8B4A-11D0-8D11-00A0C91BC942}") = "k_best", "k_best\k_best.vcxproj", "{12915DA6-FB43-4626-896B-D1A267B1CB35}"
EndProject
Global
	GlobalSection(SolutionConfigurationPlatforms) = preSolution
		Debug|x64 = Debug|x64
		Debug|x86 = Debug|x86
		Release|x64 = Release|x64
		Release|x86 = Release|x86
	EndGlobalSection
	GlobalSection(ProjectConfigurationPlatforms) = postSolution
		{12915DA6-FB43-4626-896B-D1A267B1CB35}.Debug|x64.ActiveCfg = Debug|x64
		{12915DA6-FB43-4626-896B-D1A267B1CB35}.Debug|x64.Build.0 = Debug|x64
		{12915DA6-FB43-4626-896B-D1A267B1CB35}.Debug|x86.ActiveCfg = Debug|Win32
		{12915DA6-FB43-4626-896B-D1A267B1CB35}.Debug|x86.Build.0 = Debug|Win32
		{12915DA6-FB43-4626-896B-D1A267B1CB35}.Release|x64.ActiveCfg = Release|x64
		{12915DA6-FB43-4626-896B-D1A267B1CB35}.Release|x64.Build.0 = Release|x64
		{12915DA6-FB43-4626-896B-D1A267B1CB35}.Release|x86.ActiveCfg = Release|Win32
		{12915DA6-FB43-4626-896B-D1A267B1CB35}.Release|x86.Build.0 = Release|Win32
	EndGlobalSection
	GlobalSection(SolutionProperties) = preSolution
		HideSolutionNode = FALSE
	EndGlobalSection
	GlobalSection(ExtensibilityGlobals) = postSolution
		SolutionGuid = {D9B13437-95F2-481D-B232-ED5D3137846C}
	EndGlobalSection
EndGlobal
