
Microsoft Visual Studio Solution File, Format Version 12.00
# Visual Studio 15
VisualStudioVersion = 15.0.28307.779
MinimumVisualStudioVersion = 10.0.40219.1
Project("{8BC9CEB8-8B4A-11D0-8D11-00A0C91BC942}") = "check_net", "check_net\check_net.vcxproj", "{F7E2CB67-7D28-4066-8FA5-5705B8811B33}"
EndProject
Global
	GlobalSection(SolutionConfigurationPlatforms) = preSolution
		Debug|x64 = Debug|x64
		Debug|x86 = Debug|x86
		Release|x64 = Release|x64
		Release|x86 = Release|x86
	EndGlobalSection
	GlobalSection(ProjectConfigurationPlatforms) = postSolution
		{F7E2CB67-7D28-4066-8FA5-5705B8811B33}.Debug|x64.ActiveCfg = Debug|x64
		{F7E2CB67-7D28-4066-8FA5-5705B8811B33}.Debug|x64.Build.0 = Debug|x64
		{F7E2CB67-7D28-4066-8FA5-5705B8811B33}.Debug|x86.ActiveCfg = Debug|Win32
		{F7E2CB67-7D28-4066-8FA5-5705B8811B33}.Debug|x86.Build.0 = Debug|Win32
		{F7E2CB67-7D28-4066-8FA5-5705B8811B33}.Release|x64.ActiveCfg = Release|x64
		{F7E2CB67-7D28-4066-8FA5-5705B8811B33}.Release|x64.Build.0 = Release|x64
		{F7E2CB67-7D28-4066-8FA5-5705B8811B33}.Release|x86.ActiveCfg = Release|Win32
		{F7E2CB67-7D28-4066-8FA5-5705B8811B33}.Release|x86.Build.0 = Release|Win32
	EndGlobalSection
	GlobalSection(SolutionProperties) = preSolution
		HideSolutionNode = FALSE
	EndGlobalSection
	GlobalSection(ExtensibilityGlobals) = postSolution
		SolutionGuid = {E4753D6E-F5A8-42C1-934E-80DAF9BE23F1}
	EndGlobalSection
EndGlobal
